// !$*UTF8*$!
{
	archiveVersion = 1;
	classes = {
	};
	objectVersion = 50;
	objects = {

/* Begin PBXBuildFile section */
		645AD7EC2174B9EE00D9852B /* GoogleService-Info.plist in Resources */ = {isa = PBXBuildFile; fileRef = 645AD7EB2174B9EE00D9852B /* GoogleService-Info.plist */; };
		6486819B217958FE0047F411 /* UserFeedPostCell.swift in Sources */ = {isa = PBXBuildFile; fileRef = 6486819A217958FE0047F411 /* UserFeedPostCell.swift */; };
		6486819D21795CAD0047F411 /* CommentsController.swift in Sources */ = {isa = PBXBuildFile; fileRef = 6486819C21795CAD0047F411 /* CommentsController.swift */; };
		6486819F21795D9E0047F411 /* CommentCell.swift in Sources */ = {isa = PBXBuildFile; fileRef = 6486819E21795D9E0047F411 /* CommentCell.swift */; };
		648681A121795DF10047F411 /* CommentInputTextView.swift in Sources */ = {isa = PBXBuildFile; fileRef = 648681A021795DF00047F411 /* CommentInputTextView.swift */; };
		648681A321795E5F0047F411 /* CommentInputAccessoryView.swift in Sources */ = {isa = PBXBuildFile; fileRef = 648681A221795E5F0047F411 /* CommentInputAccessoryView.swift */; };
		648681A521795F6E0047F411 /* DateTimeAgoDisplay.swift in Sources */ = {isa = PBXBuildFile; fileRef = 648681A421795F6E0047F411 /* DateTimeAgoDisplay.swift */; };
		648681A7217962640047F411 /* CommentModel.swift in Sources */ = {isa = PBXBuildFile; fileRef = 648681A6217962640047F411 /* CommentModel.swift */; };
		AD111AD4217603F00096CEBE /* TabBar.swift in Sources */ = {isa = PBXBuildFile; fileRef = AD111AD3217603F00096CEBE /* TabBar.swift */; };
		AD111AD6217604860096CEBE /* Profile.swift in Sources */ = {isa = PBXBuildFile; fileRef = AD111AD5217604860096CEBE /* Profile.swift */; };
		AD111AD8217610AB0096CEBE /* ProfileHeader.swift in Sources */ = {isa = PBXBuildFile; fileRef = AD111AD7217610AB0096CEBE /* ProfileHeader.swift */; };
		AD111ADA217620D80096CEBE /* Login.swift in Sources */ = {isa = PBXBuildFile; fileRef = AD111AD9217620D80096CEBE /* Login.swift */; };
		AD111ADC21763A2A0096CEBE /* ActivityFeed.swift in Sources */ = {isa = PBXBuildFile; fileRef = AD111ADB21763A2A0096CEBE /* ActivityFeed.swift */; };
		AD111ADE21763A380096CEBE /* UploadPhotoController.swift in Sources */ = {isa = PBXBuildFile; fileRef = AD111ADD21763A380096CEBE /* UploadPhotoController.swift */; };
		AD111AE021763A430096CEBE /* Discover.swift in Sources */ = {isa = PBXBuildFile; fileRef = AD111ADF21763A430096CEBE /* Discover.swift */; };
		AD111AE221763A500096CEBE /* UserFeed.swift in Sources */ = {isa = PBXBuildFile; fileRef = AD111AE121763A500096CEBE /* UserFeed.swift */; };
		ADB13C1D2177540300526F7D /* UploadPhotoHeader.swift in Sources */ = {isa = PBXBuildFile; fileRef = ADB13C1C2177540300526F7D /* UploadPhotoHeader.swift */; };
		ADB13C1F217754A600526F7D /* UploadPhotoCell.swift in Sources */ = {isa = PBXBuildFile; fileRef = ADB13C1E217754A600526F7D /* UploadPhotoCell.swift */; };
		ADB13C21217755BE00526F7D /* PostPhotoController.swift in Sources */ = {isa = PBXBuildFile; fileRef = ADB13C20217755BE00526F7D /* PostPhotoController.swift */; };
		ADB13C2321775E8F00526F7D /* ProfilePostCell.swift in Sources */ = {isa = PBXBuildFile; fileRef = ADB13C2221775E8F00526F7D /* ProfilePostCell.swift */; };
		ADB13C262177605700526F7D /* Post.swift in Sources */ = {isa = PBXBuildFile; fileRef = ADB13C252177605700526F7D /* Post.swift */; };
		ADB13C28217775D400526F7D /* CustomImageView.swift in Sources */ = {isa = PBXBuildFile; fileRef = ADB13C27217775D400526F7D /* CustomImageView.swift */; };
		ADEC96D3217994AB001A1E01 /* Camera.swift in Sources */ = {isa = PBXBuildFile; fileRef = ADEC96D2217994AB001A1E01 /* Camera.swift */; };
		ADEC96D5217996BA001A1E01 /* PreviewPhoto.swift in Sources */ = {isa = PBXBuildFile; fileRef = ADEC96D4217996BA001A1E01 /* PreviewPhoto.swift */; };
		ADFE520821746F8A0000D925 /* AppDelegate.swift in Sources */ = {isa = PBXBuildFile; fileRef = ADFE520721746F8A0000D925 /* AppDelegate.swift */; };
		ADFE520A21746F8A0000D925 /* Registration.swift in Sources */ = {isa = PBXBuildFile; fileRef = ADFE520921746F8A0000D925 /* Registration.swift */; };
		ADFE520D21746F8A0000D925 /* Main.storyboard in Resources */ = {isa = PBXBuildFile; fileRef = ADFE520B21746F8A0000D925 /* Main.storyboard */; };
		ADFE520F21746F8C0000D925 /* Assets.xcassets in Resources */ = {isa = PBXBuildFile; fileRef = ADFE520E21746F8C0000D925 /* Assets.xcassets */; };
		ADFE521221746F8C0000D925 /* LaunchScreen.storyboard in Resources */ = {isa = PBXBuildFile; fileRef = ADFE521021746F8C0000D925 /* LaunchScreen.storyboard */; };
		ADFE522021749DA00000D925 /* Extensions.swift in Sources */ = {isa = PBXBuildFile; fileRef = ADFE521F21749DA00000D925 /* Extensions.swift */; };
		DA6152EA21786E1500A31A9B /* DiscoverCell.swift in Sources */ = {isa = PBXBuildFile; fileRef = DA6152E921786E1500A31A9B /* DiscoverCell.swift */; };
		DA6152EC21786EAD00A31A9B /* User.swift in Sources */ = {isa = PBXBuildFile; fileRef = DA6152EB21786EAD00A31A9B /* User.swift */; };
		DABA40002178746C0087B50A /* FirebaseUtils.swift in Sources */ = {isa = PBXBuildFile; fileRef = DABA3FFF2178746C0087B50A /* FirebaseUtils.swift */; };
		FB98601279FA171D3F38079F /* Pods_Instagram_Pro.framework in Frameworks */ = {isa = PBXBuildFile; fileRef = B27D16140823636881179BE7 /* Pods_Instagram_Pro.framework */; };
/* End PBXBuildFile section */

/* Begin PBXFileReference section */
		645AD7EB2174B9EE00D9852B /* GoogleService-Info.plist */ = {isa = PBXFileReference; fileEncoding = 4; lastKnownFileType = text.plist.xml; path = "GoogleService-Info.plist"; sourceTree = "<group>"; };
		6486819A217958FE0047F411 /* UserFeedPostCell.swift */ = {isa = PBXFileReference; lastKnownFileType = sourcecode.swift; path = UserFeedPostCell.swift; sourceTree = "<group>"; };
		6486819C21795CAD0047F411 /* CommentsController.swift */ = {isa = PBXFileReference; lastKnownFileType = sourcecode.swift; path = CommentsController.swift; sourceTree = "<group>"; };
		6486819E21795D9E0047F411 /* CommentCell.swift */ = {isa = PBXFileReference; lastKnownFileType = sourcecode.swift; path = CommentCell.swift; sourceTree = "<group>"; };
		648681A021795DF00047F411 /* CommentInputTextView.swift */ = {isa = PBXFileReference; lastKnownFileType = sourcecode.swift; path = CommentInputTextView.swift; sourceTree = "<group>"; };
		648681A221795E5F0047F411 /* CommentInputAccessoryView.swift */ = {isa = PBXFileReference; lastKnownFileType = sourcecode.swift; path = CommentInputAccessoryView.swift; sourceTree = "<group>"; };
		648681A421795F6E0047F411 /* DateTimeAgoDisplay.swift */ = {isa = PBXFileReference; lastKnownFileType = sourcecode.swift; path = DateTimeAgoDisplay.swift; sourceTree = "<group>"; };
		648681A6217962640047F411 /* CommentModel.swift */ = {isa = PBXFileReference; lastKnownFileType = sourcecode.swift; path = CommentModel.swift; sourceTree = "<group>"; };
		9E381C1DD85E61550206C815 /* Pods-Instagram_Pro.release.xcconfig */ = {isa = PBXFileReference; includeInIndex = 1; lastKnownFileType = text.xcconfig; name = "Pods-Instagram_Pro.release.xcconfig"; path = "Pods/Target Support Files/Pods-Instagram_Pro/Pods-Instagram_Pro.release.xcconfig"; sourceTree = "<group>"; };
		AD111AD3217603F00096CEBE /* TabBar.swift */ = {isa = PBXFileReference; lastKnownFileType = sourcecode.swift; path = TabBar.swift; sourceTree = "<group>"; };
		AD111AD5217604860096CEBE /* Profile.swift */ = {isa = PBXFileReference; lastKnownFileType = sourcecode.swift; path = Profile.swift; sourceTree = "<group>"; };
		AD111AD7217610AB0096CEBE /* ProfileHeader.swift */ = {isa = PBXFileReference; lastKnownFileType = sourcecode.swift; path = ProfileHeader.swift; sourceTree = "<group>"; };
		AD111AD9217620D80096CEBE /* Login.swift */ = {isa = PBXFileReference; lastKnownFileType = sourcecode.swift; path = Login.swift; sourceTree = "<group>"; };
		AD111ADB21763A2A0096CEBE /* ActivityFeed.swift */ = {isa = PBXFileReference; lastKnownFileType = sourcecode.swift; path = ActivityFeed.swift; sourceTree = "<group>"; };
		AD111ADD21763A380096CEBE /* UploadPhotoController.swift */ = {isa = PBXFileReference; lastKnownFileType = sourcecode.swift; path = UploadPhotoController.swift; sourceTree = "<group>"; };
		AD111ADF21763A430096CEBE /* Discover.swift */ = {isa = PBXFileReference; lastKnownFileType = sourcecode.swift; path = Discover.swift; sourceTree = "<group>"; };
		AD111AE121763A500096CEBE /* UserFeed.swift */ = {isa = PBXFileReference; lastKnownFileType = sourcecode.swift; path = UserFeed.swift; sourceTree = "<group>"; };
		ADB13C1C2177540300526F7D /* UploadPhotoHeader.swift */ = {isa = PBXFileReference; lastKnownFileType = sourcecode.swift; path = UploadPhotoHeader.swift; sourceTree = "<group>"; };
		ADB13C1E217754A600526F7D /* UploadPhotoCell.swift */ = {isa = PBXFileReference; lastKnownFileType = sourcecode.swift; path = UploadPhotoCell.swift; sourceTree = "<group>"; };
		ADB13C20217755BE00526F7D /* PostPhotoController.swift */ = {isa = PBXFileReference; lastKnownFileType = sourcecode.swift; path = PostPhotoController.swift; sourceTree = "<group>"; };
		ADB13C2221775E8F00526F7D /* ProfilePostCell.swift */ = {isa = PBXFileReference; lastKnownFileType = sourcecode.swift; path = ProfilePostCell.swift; sourceTree = "<group>"; };
		ADB13C252177605700526F7D /* Post.swift */ = {isa = PBXFileReference; lastKnownFileType = sourcecode.swift; path = Post.swift; sourceTree = "<group>"; };
		ADB13C27217775D400526F7D /* CustomImageView.swift */ = {isa = PBXFileReference; lastKnownFileType = sourcecode.swift; path = CustomImageView.swift; sourceTree = "<group>"; };
		ADEC96D2217994AB001A1E01 /* Camera.swift */ = {isa = PBXFileReference; lastKnownFileType = sourcecode.swift; path = Camera.swift; sourceTree = "<group>"; };
		ADEC96D4217996BA001A1E01 /* PreviewPhoto.swift */ = {isa = PBXFileReference; lastKnownFileType = sourcecode.swift; path = PreviewPhoto.swift; sourceTree = "<group>"; };
		ADFE520421746F8A0000D925 /* Instagram_Pro.app */ = {isa = PBXFileReference; explicitFileType = wrapper.application; includeInIndex = 0; path = Instagram_Pro.app; sourceTree = BUILT_PRODUCTS_DIR; };
		ADFE520721746F8A0000D925 /* AppDelegate.swift */ = {isa = PBXFileReference; lastKnownFileType = sourcecode.swift; path = AppDelegate.swift; sourceTree = "<group>"; };
		ADFE520921746F8A0000D925 /* Registration.swift */ = {isa = PBXFileReference; lastKnownFileType = sourcecode.swift; path = Registration.swift; sourceTree = "<group>"; };
		ADFE520C21746F8A0000D925 /* Base */ = {isa = PBXFileReference; lastKnownFileType = file.storyboard; name = Base; path = Base.lproj/Main.storyboard; sourceTree = "<group>"; };
		ADFE520E21746F8C0000D925 /* Assets.xcassets */ = {isa = PBXFileReference; lastKnownFileType = folder.assetcatalog; path = Assets.xcassets; sourceTree = "<group>"; };
		ADFE521121746F8C0000D925 /* Base */ = {isa = PBXFileReference; lastKnownFileType = file.storyboard; name = Base; path = Base.lproj/LaunchScreen.storyboard; sourceTree = "<group>"; };
		ADFE521321746F8C0000D925 /* Info.plist */ = {isa = PBXFileReference; lastKnownFileType = text.plist.xml; path = Info.plist; sourceTree = "<group>"; };
		ADFE521F21749DA00000D925 /* Extensions.swift */ = {isa = PBXFileReference; lastKnownFileType = sourcecode.swift; path = Extensions.swift; sourceTree = "<group>"; };
		B27D16140823636881179BE7 /* Pods_Instagram_Pro.framework */ = {isa = PBXFileReference; explicitFileType = wrapper.framework; includeInIndex = 0; path = Pods_Instagram_Pro.framework; sourceTree = BUILT_PRODUCTS_DIR; };
		D78B5F69CF7DABA336D6C241 /* Pods-Instagram_Pro.debug.xcconfig */ = {isa = PBXFileReference; includeInIndex = 1; lastKnownFileType = text.xcconfig; name = "Pods-Instagram_Pro.debug.xcconfig"; path = "Pods/Target Support Files/Pods-Instagram_Pro/Pods-Instagram_Pro.debug.xcconfig"; sourceTree = "<group>"; };
		DA6152E921786E1500A31A9B /* DiscoverCell.swift */ = {isa = PBXFileReference; lastKnownFileType = sourcecode.swift; path = DiscoverCell.swift; sourceTree = "<group>"; };
		DA6152EB21786EAD00A31A9B /* User.swift */ = {isa = PBXFileReference; lastKnownFileType = sourcecode.swift; path = User.swift; sourceTree = "<group>"; };
		DABA3FFF2178746C0087B50A /* FirebaseUtils.swift */ = {isa = PBXFileReference; lastKnownFileType = sourcecode.swift; path = FirebaseUtils.swift; sourceTree = "<group>"; };
/* End PBXFileReference section */

/* Begin PBXFrameworksBuildPhase section */
		ADFE520121746F8A0000D925 /* Frameworks */ = {
			isa = PBXFrameworksBuildPhase;
			buildActionMask = 2147483647;
			files = (
				FB98601279FA171D3F38079F /* Pods_Instagram_Pro.framework in Frameworks */,
			);
			runOnlyForDeploymentPostprocessing = 0;
		};
/* End PBXFrameworksBuildPhase section */

/* Begin PBXGroup section */
		2D3A571202EEB21C1DD2BAF9 /* Pods */ = {
			isa = PBXGroup;
			children = (
				D78B5F69CF7DABA336D6C241 /* Pods-Instagram_Pro.debug.xcconfig */,
				9E381C1DD85E61550206C815 /* Pods-Instagram_Pro.release.xcconfig */,
			);
			name = Pods;
			sourceTree = "<group>";
		};
		7CDC80EC5AB5CF34D44A161E /* Frameworks */ = {
			isa = PBXGroup;
			children = (
				B27D16140823636881179BE7 /* Pods_Instagram_Pro.framework */,
			);
			name = Frameworks;
			sourceTree = "<group>";
		};
		AD111ACC217602DC0096CEBE /* LoginAndRegistration */ = {
			isa = PBXGroup;
			children = (
				ADFE520921746F8A0000D925 /* Registration.swift */,
				AD111AD9217620D80096CEBE /* Login.swift */,
			);
			path = LoginAndRegistration;
			sourceTree = "<group>";
		};
		AD111ACD2176030F0096CEBE /* TabBar */ = {
			isa = PBXGroup;
			children = (
				AD111AD3217603F00096CEBE /* TabBar.swift */,
			);
			path = TabBar;
			sourceTree = "<group>";
		};
		AD111ACE217603160096CEBE /* UserFeed */ = {
			isa = PBXGroup;
			children = (
				AD111AE121763A500096CEBE /* UserFeed.swift */,
				6486819A217958FE0047F411 /* UserFeedPostCell.swift */,
				6486819C21795CAD0047F411 /* CommentsController.swift */,
				6486819E21795D9E0047F411 /* CommentCell.swift */,
				648681A021795DF00047F411 /* CommentInputTextView.swift */,
				648681A221795E5F0047F411 /* CommentInputAccessoryView.swift */,
			);
			path = UserFeed;
			sourceTree = "<group>";
		};
		AD111ACF2176031F0096CEBE /* Discover */ = {
			isa = PBXGroup;
			children = (
				AD111ADF21763A430096CEBE /* Discover.swift */,
				DA6152E921786E1500A31A9B /* DiscoverCell.swift */,
			);
			path = Discover;
			sourceTree = "<group>";
		};
		AD111AD02176032B0096CEBE /* Photo */ = {
			isa = PBXGroup;
			children = (
				AD111ADD21763A380096CEBE /* UploadPhotoController.swift */,
				ADB13C1C2177540300526F7D /* UploadPhotoHeader.swift */,
				ADB13C1E217754A600526F7D /* UploadPhotoCell.swift */,
				ADB13C20217755BE00526F7D /* PostPhotoController.swift */,
				ADEC96D2217994AB001A1E01 /* Camera.swift */,
				ADEC96D4217996BA001A1E01 /* PreviewPhoto.swift */,
			);
			path = Photo;
			sourceTree = "<group>";
		};
		AD111AD1217603340096CEBE /* ActivityFeed */ = {
			isa = PBXGroup;
			children = (
				AD111ADB21763A2A0096CEBE /* ActivityFeed.swift */,
			);
			path = ActivityFeed;
			sourceTree = "<group>";
		};
		AD111AD2217603410096CEBE /* Profile */ = {
			isa = PBXGroup;
			children = (
				AD111AD5217604860096CEBE /* Profile.swift */,
				AD111AD7217610AB0096CEBE /* ProfileHeader.swift */,
				ADB13C2221775E8F00526F7D /* ProfilePostCell.swift */,
			);
			path = Profile;
			sourceTree = "<group>";
		};
		ADB13C242177604800526F7D /* Model */ = {
			isa = PBXGroup;
			children = (
				ADB13C252177605700526F7D /* Post.swift */,
				DA6152EB21786EAD00A31A9B /* User.swift */,
				648681A6217962640047F411 /* CommentModel.swift */,
			);
			path = Model;
			sourceTree = "<group>";
		};
		ADFE51FB21746F8A0000D925 = {
			isa = PBXGroup;
			children = (
				ADFE520621746F8A0000D925 /* Instagram_Pro */,
				ADFE520521746F8A0000D925 /* Products */,
				2D3A571202EEB21C1DD2BAF9 /* Pods */,
				7CDC80EC5AB5CF34D44A161E /* Frameworks */,
			);
			sourceTree = "<group>";
		};
		ADFE520521746F8A0000D925 /* Products */ = {
			isa = PBXGroup;
			children = (
				ADFE520421746F8A0000D925 /* Instagram_Pro.app */,
			);
			name = Products;
			sourceTree = "<group>";
		};
		ADFE520621746F8A0000D925 /* Instagram_Pro */ = {
			isa = PBXGroup;
			children = (
				ADB13C242177604800526F7D /* Model */,
				AD111AD2217603410096CEBE /* Profile */,
				AD111AD1217603340096CEBE /* ActivityFeed */,
				AD111AD02176032B0096CEBE /* Photo */,
				AD111ACF2176031F0096CEBE /* Discover */,
				AD111ACE217603160096CEBE /* UserFeed */,
				AD111ACD2176030F0096CEBE /* TabBar */,
				AD111ACC217602DC0096CEBE /* LoginAndRegistration */,
				ADFE521E21749D910000D925 /* Extensions */,
				ADFE520721746F8A0000D925 /* AppDelegate.swift */,
				ADFE520B21746F8A0000D925 /* Main.storyboard */,
				ADFE520E21746F8C0000D925 /* Assets.xcassets */,
				ADFE521021746F8C0000D925 /* LaunchScreen.storyboard */,
				ADFE521321746F8C0000D925 /* Info.plist */,
				645AD7EB2174B9EE00D9852B /* GoogleService-Info.plist */,
			);
			path = Instagram_Pro;
			sourceTree = "<group>";
		};
		ADFE521E21749D910000D925 /* Extensions */ = {
			isa = PBXGroup;
			children = (
				ADFE521F21749DA00000D925 /* Extensions.swift */,
				ADB13C27217775D400526F7D /* CustomImageView.swift */,
				DABA3FFF2178746C0087B50A /* FirebaseUtils.swift */,
				648681A421795F6E0047F411 /* DateTimeAgoDisplay.swift */,
			);
			path = Extensions;
			sourceTree = "<group>";
		};
/* End PBXGroup section */

/* Begin PBXNativeTarget section */
		ADFE520321746F8A0000D925 /* Instagram_Pro */ = {
			isa = PBXNativeTarget;
			buildConfigurationList = ADFE521621746F8C0000D925 /* Build configuration list for PBXNativeTarget "Instagram_Pro" */;
			buildPhases = (
				5E95B921198C10C73248A640 /* [CP] Check Pods Manifest.lock */,
				ADFE520021746F8A0000D925 /* Sources */,
				ADFE520121746F8A0000D925 /* Frameworks */,
				ADFE520221746F8A0000D925 /* Resources */,
				FA8EACBEC0897D4C0375032D /* [CP] Embed Pods Frameworks */,
			);
			buildRules = (
			);
			dependencies = (
			);
			name = Instagram_Pro;
			productName = Instagram_Pro;
			productReference = ADFE520421746F8A0000D925 /* Instagram_Pro.app */;
			productType = "com.apple.product-type.application";
		};
/* End PBXNativeTarget section */

/* Begin PBXProject section */
		ADFE51FC21746F8A0000D925 /* Project object */ = {
			isa = PBXProject;
			attributes = {
				LastSwiftUpdateCheck = 0940;
				LastUpgradeCheck = 0940;
				ORGANIZATIONNAME = unimelb_daweixu;
				TargetAttributes = {
					ADFE520321746F8A0000D925 = {
						CreatedOnToolsVersion = 9.4.1;
					};
				};
			};
			buildConfigurationList = ADFE51FF21746F8A0000D925 /* Build configuration list for PBXProject "Instagram_Pro" */;
			compatibilityVersion = "Xcode 9.3";
			developmentRegion = en;
			hasScannedForEncodings = 0;
			knownRegions = (
				en,
				Base,
			);
			mainGroup = ADFE51FB21746F8A0000D925;
			productRefGroup = ADFE520521746F8A0000D925 /* Products */;
			projectDirPath = "";
			projectRoot = "";
			targets = (
				ADFE520321746F8A0000D925 /* Instagram_Pro */,
			);
		};
/* End PBXProject section */

/* Begin PBXResourcesBuildPhase section */
		ADFE520221746F8A0000D925 /* Resources */ = {
			isa = PBXResourcesBuildPhase;
			buildActionMask = 2147483647;
			files = (
				ADFE521221746F8C0000D925 /* LaunchScreen.storyboard in Resources */,
				ADFE520F21746F8C0000D925 /* Assets.xcassets in Resources */,
				ADFE520D21746F8A0000D925 /* Main.storyboard in Resources */,
				645AD7EC2174B9EE00D9852B /* GoogleService-Info.plist in Resources */,
			);
			runOnlyForDeploymentPostprocessing = 0;
		};
/* End PBXResourcesBuildPhase section */

/* Begin PBXShellScriptBuildPhase section */
		5E95B921198C10C73248A640 /* [CP] Check Pods Manifest.lock */ = {
			isa = PBXShellScriptBuildPhase;
			buildActionMask = 2147483647;
			files = (
			);
			inputPaths = (
				"${PODS_PODFILE_DIR_PATH}/Podfile.lock",
				"${PODS_ROOT}/Manifest.lock",
			);
			name = "[CP] Check Pods Manifest.lock";
			outputPaths = (
				"$(DERIVED_FILE_DIR)/Pods-Instagram_Pro-checkManifestLockResult.txt",
			);
			runOnlyForDeploymentPostprocessing = 0;
			shellPath = /bin/sh;
			shellScript = "diff \"${PODS_PODFILE_DIR_PATH}/Podfile.lock\" \"${PODS_ROOT}/Manifest.lock\" > /dev/null\nif [ $? != 0 ] ; then\n    # print error to STDERR\n    echo \"error: The sandbox is not in sync with the Podfile.lock. Run 'pod install' or update your CocoaPods installation.\" >&2\n    exit 1\nfi\n# This output is used by Xcode 'outputs' to avoid re-running this script phase.\necho \"SUCCESS\" > \"${SCRIPT_OUTPUT_FILE_0}\"\n";
			showEnvVarsInLog = 0;
		};
		FA8EACBEC0897D4C0375032D /* [CP] Embed Pods Frameworks */ = {
			isa = PBXShellScriptBuildPhase;
			buildActionMask = 2147483647;
			files = (
			);
			inputPaths = (
				"${SRCROOT}/Pods/Target Support Files/Pods-Instagram_Pro/Pods-Instagram_Pro-frameworks.sh",
				"${BUILT_PRODUCTS_DIR}/GTMSessionFetcher/GTMSessionFetcher.framework",
				"${BUILT_PRODUCTS_DIR}/GoogleUtilities/GoogleUtilities.framework",
				"${BUILT_PRODUCTS_DIR}/leveldb-library/leveldb.framework",
				"${BUILT_PRODUCTS_DIR}/nanopb/nanopb.framework",
			);
			name = "[CP] Embed Pods Frameworks";
			outputPaths = (
				"${TARGET_BUILD_DIR}/${FRAMEWORKS_FOLDER_PATH}/GTMSessionFetcher.framework",
				"${TARGET_BUILD_DIR}/${FRAMEWORKS_FOLDER_PATH}/GoogleUtilities.framework",
				"${TARGET_BUILD_DIR}/${FRAMEWORKS_FOLDER_PATH}/leveldb.framework",
				"${TARGET_BUILD_DIR}/${FRAMEWORKS_FOLDER_PATH}/nanopb.framework",
			);
			runOnlyForDeploymentPostprocessing = 0;
			shellPath = /bin/sh;
			shellScript = "\"${SRCROOT}/Pods/Target Support Files/Pods-Instagram_Pro/Pods-Instagram_Pro-frameworks.sh\"\n";
			showEnvVarsInLog = 0;
		};
/* End PBXShellScriptBuildPhase section */

/* Begin PBXSourcesBuildPhase section */
		ADFE520021746F8A0000D925 /* Sources */ = {
			isa = PBXSourcesBuildPhase;
			buildActionMask = 2147483647;
			files = (
				648681A121795DF10047F411 /* CommentInputTextView.swift in Sources */,
				648681A321795E5F0047F411 /* CommentInputAccessoryView.swift in Sources */,
				AD111ADA217620D80096CEBE /* Login.swift in Sources */,
				ADB13C1F217754A600526F7D /* UploadPhotoCell.swift in Sources */,
				ADFE520A21746F8A0000D925 /* Registration.swift in Sources */,
				AD111AD6217604860096CEBE /* Profile.swift in Sources */,
				DA6152EA21786E1500A31A9B /* DiscoverCell.swift in Sources */,
				AD111AE221763A500096CEBE /* UserFeed.swift in Sources */,
				AD111ADE21763A380096CEBE /* UploadPhotoController.swift in Sources */,
				ADB13C21217755BE00526F7D /* PostPhotoController.swift in Sources */,
				ADB13C2321775E8F00526F7D /* ProfilePostCell.swift in Sources */,
				AD111AD8217610AB0096CEBE /* ProfileHeader.swift in Sources */,
				ADEC96D3217994AB001A1E01 /* Camera.swift in Sources */,
				ADFE522021749DA00000D925 /* Extensions.swift in Sources */,
				6486819B217958FE0047F411 /* UserFeedPostCell.swift in Sources */,
				AD111AE021763A430096CEBE /* Discover.swift in Sources */,
				648681A521795F6E0047F411 /* DateTimeAgoDisplay.swift in Sources */,
				648681A7217962640047F411 /* CommentModel.swift in Sources */,
				6486819F21795D9E0047F411 /* CommentCell.swift in Sources */,
				ADEC96D5217996BA001A1E01 /* PreviewPhoto.swift in Sources */,
				ADB13C28217775D400526F7D /* CustomImageView.swift in Sources */,
				ADB13C262177605700526F7D /* Post.swift in Sources */,
				ADFE520821746F8A0000D925 /* AppDelegate.swift in Sources */,
				AD111ADC21763A2A0096CEBE /* ActivityFeed.swift in Sources */,
				DABA40002178746C0087B50A /* FirebaseUtils.swift in Sources */,
				ADB13C1D2177540300526F7D /* UploadPhotoHeader.swift in Sources */,
				AD111AD4217603F00096CEBE /* TabBar.swift in Sources */,
				DA6152EC21786EAD00A31A9B /* User.swift in Sources */,
				6486819D21795CAD0047F411 /* CommentsController.swift in Sources */,
			);
			runOnlyForDeploymentPostprocessing = 0;
		};
/* End PBXSourcesBuildPhase section */

/* Begin PBXVariantGroup section */
		ADFE520B21746F8A0000D925 /* Main.storyboard */ = {
			isa = PBXVariantGroup;
			children = (
				ADFE520C21746F8A0000D925 /* Base */,
			);
			name = Main.storyboard;
			sourceTree = "<group>";
		};
		ADFE521021746F8C0000D925 /* LaunchScreen.storyboard */ = {
			isa = PBXVariantGroup;
			children = (
				ADFE521121746F8C0000D925 /* Base */,
			);
			name = LaunchScreen.storyboard;
			sourceTree = "<group>";
		};
/* End PBXVariantGroup section */

/* Begin XCBuildConfiguration section */
		ADFE521421746F8C0000D925 /* Debug */ = {
			isa = XCBuildConfiguration;
			buildSettings = {
				ALWAYS_SEARCH_USER_PATHS = NO;
				CLANG_ANALYZER_NONNULL = YES;
				CLANG_ANALYZER_NUMBER_OBJECT_CONVERSION = YES_AGGRESSIVE;
				CLANG_CXX_LANGUAGE_STANDARD = "gnu++14";
				CLANG_CXX_LIBRARY = "libc++";
				CLANG_ENABLE_MODULES = YES;
				CLANG_ENABLE_OBJC_ARC = YES;
				CLANG_ENABLE_OBJC_WEAK = YES;
				CLANG_WARN_BLOCK_CAPTURE_AUTORELEASING = YES;
				CLANG_WARN_BOOL_CONVERSION = YES;
				CLANG_WARN_COMMA = YES;
				CLANG_WARN_CONSTANT_CONVERSION = YES;
				CLANG_WARN_DEPRECATED_OBJC_IMPLEMENTATIONS = YES;
				CLANG_WARN_DIRECT_OBJC_ISA_USAGE = YES_ERROR;
				CLANG_WARN_DOCUMENTATION_COMMENTS = YES;
				CLANG_WARN_EMPTY_BODY = YES;
				CLANG_WARN_ENUM_CONVERSION = YES;
				CLANG_WARN_INFINITE_RECURSION = YES;
				CLANG_WARN_INT_CONVERSION = YES;
				CLANG_WARN_NON_LITERAL_NULL_CONVERSION = YES;
				CLANG_WARN_OBJC_IMPLICIT_RETAIN_SELF = YES;
				CLANG_WARN_OBJC_LITERAL_CONVERSION = YES;
				CLANG_WARN_OBJC_ROOT_CLASS = YES_ERROR;
				CLANG_WARN_RANGE_LOOP_ANALYSIS = YES;
				CLANG_WARN_STRICT_PROTOTYPES = YES;
				CLANG_WARN_SUSPICIOUS_MOVE = YES;
				CLANG_WARN_UNGUARDED_AVAILABILITY = YES_AGGRESSIVE;
				CLANG_WARN_UNREACHABLE_CODE = YES;
				CLANG_WARN__DUPLICATE_METHOD_MATCH = YES;
				CODE_SIGN_IDENTITY = "iPhone Developer";
				COPY_PHASE_STRIP = NO;
				DEBUG_INFORMATION_FORMAT = dwarf;
				ENABLE_STRICT_OBJC_MSGSEND = YES;
				ENABLE_TESTABILITY = YES;
				GCC_C_LANGUAGE_STANDARD = gnu11;
				GCC_DYNAMIC_NO_PIC = NO;
				GCC_NO_COMMON_BLOCKS = YES;
				GCC_OPTIMIZATION_LEVEL = 0;
				GCC_PREPROCESSOR_DEFINITIONS = (
					"DEBUG=1",
					"$(inherited)",
				);
				GCC_WARN_64_TO_32_BIT_CONVERSION = YES;
				GCC_WARN_ABOUT_RETURN_TYPE = YES_ERROR;
				GCC_WARN_UNDECLARED_SELECTOR = YES;
				GCC_WARN_UNINITIALIZED_AUTOS = YES_AGGRESSIVE;
				GCC_WARN_UNUSED_FUNCTION = YES;
				GCC_WARN_UNUSED_VARIABLE = YES;
				IPHONEOS_DEPLOYMENT_TARGET = 11.4;
				MTL_ENABLE_DEBUG_INFO = YES;
				ONLY_ACTIVE_ARCH = YES;
				SDKROOT = iphoneos;
				SWIFT_ACTIVE_COMPILATION_CONDITIONS = DEBUG;
				SWIFT_OPTIMIZATION_LEVEL = "-Onone";
			};
			name = Debug;
		};
		ADFE521521746F8C0000D925 /* Release */ = {
			isa = XCBuildConfiguration;
			buildSettings = {
				ALWAYS_SEARCH_USER_PATHS = NO;
				CLANG_ANALYZER_NONNULL = YES;
				CLANG_ANALYZER_NUMBER_OBJECT_CONVERSION = YES_AGGRESSIVE;
				CLANG_CXX_LANGUAGE_STANDARD = "gnu++14";
				CLANG_CXX_LIBRARY = "libc++";
				CLANG_ENABLE_MODULES = YES;
				CLANG_ENABLE_OBJC_ARC = YES;
				CLANG_ENABLE_OBJC_WEAK = YES;
				CLANG_WARN_BLOCK_CAPTURE_AUTORELEASING = YES;
				CLANG_WARN_BOOL_CONVERSION = YES;
				CLANG_WARN_COMMA = YES;
				CLANG_WARN_CONSTANT_CONVERSION = YES;
				CLANG_WARN_DEPRECATED_OBJC_IMPLEMENTATIONS = YES;
				CLANG_WARN_DIRECT_OBJC_ISA_USAGE = YES_ERROR;
				CLANG_WARN_DOCUMENTATION_COMMENTS = YES;
				CLANG_WARN_EMPTY_BODY = YES;
				CLANG_WARN_ENUM_CONVERSION = YES;
				CLANG_WARN_INFINITE_RECURSION = YES;
				CLANG_WARN_INT_CONVERSION = YES;
				CLANG_WARN_NON_LITERAL_NULL_CONVERSION = YES;
				CLANG_WARN_OBJC_IMPLICIT_RETAIN_SELF = YES;
				CLANG_WARN_OBJC_LITERAL_CONVERSION = YES;
				CLANG_WARN_OBJC_ROOT_CLASS = YES_ERROR;
				CLANG_WARN_RANGE_LOOP_ANALYSIS = YES;
				CLANG_WARN_STRICT_PROTOTYPES = YES;
				CLANG_WARN_SUSPICIOUS_MOVE = YES;
				CLANG_WARN_UNGUARDED_AVAILABILITY = YES_AGGRESSIVE;
				CLANG_WARN_UNREACHABLE_CODE = YES;
				CLANG_WARN__DUPLICATE_METHOD_MATCH = YES;
				CODE_SIGN_IDENTITY = "iPhone Developer";
				COPY_PHASE_STRIP = NO;
				DEBUG_INFORMATION_FORMAT = "dwarf-with-dsym";
				ENABLE_NS_ASSERTIONS = NO;
				ENABLE_STRICT_OBJC_MSGSEND = YES;
				GCC_C_LANGUAGE_STANDARD = gnu11;
				GCC_NO_COMMON_BLOCKS = YES;
				GCC_WARN_64_TO_32_BIT_CONVERSION = YES;
				GCC_WARN_ABOUT_RETURN_TYPE = YES_ERROR;
				GCC_WARN_UNDECLARED_SELECTOR = YES;
				GCC_WARN_UNINITIALIZED_AUTOS = YES_AGGRESSIVE;
				GCC_WARN_UNUSED_FUNCTION = YES;
				GCC_WARN_UNUSED_VARIABLE = YES;
				IPHONEOS_DEPLOYMENT_TARGET = 11.4;
				MTL_ENABLE_DEBUG_INFO = NO;
				SDKROOT = iphoneos;
				SWIFT_COMPILATION_MODE = wholemodule;
				SWIFT_OPTIMIZATION_LEVEL = "-O";
				VALIDATE_PRODUCT = YES;
			};
			name = Release;
		};
		ADFE521721746F8C0000D925 /* Debug */ = {
			isa = XCBuildConfiguration;
			baseConfigurationReference = D78B5F69CF7DABA336D6C241 /* Pods-Instagram_Pro.debug.xcconfig */;
			buildSettings = {
				ASSETCATALOG_COMPILER_APPICON_NAME = AppIcon;
				CODE_SIGN_STYLE = Automatic;
				DEVELOPMENT_TEAM = 3SWTW7595P;
				INFOPLIST_FILE = Instagram_Pro/Info.plist;
				IPHONEOS_DEPLOYMENT_TARGET = 10.3;
				LD_RUNPATH_SEARCH_PATHS = (
					"$(inherited)",
					"@executable_path/Frameworks",
				);
				PRODUCT_BUNDLE_IDENTIFIER = "comp90048.Instagram--Pro";
				PRODUCT_NAME = "$(TARGET_NAME)";
				SWIFT_VERSION = 4.0;
				TARGETED_DEVICE_FAMILY = "1,2";
			};
			name = Debug;
		};
		ADFE521821746F8C0000D925 /* Release */ = {
			isa = XCBuildConfiguration;
			baseConfigurationReference = 9E381C1DD85E61550206C815 /* Pods-Instagram_Pro.release.xcconfig */;
			buildSettings = {
				ASSETCATALOG_COMPILER_APPICON_NAME = AppIcon;
				CODE_SIGN_STYLE = Automatic;
				DEVELOPMENT_TEAM = 3SWTW7595P;
				INFOPLIST_FILE = Instagram_Pro/Info.plist;
				IPHONEOS_DEPLOYMENT_TARGET = 10.3;
				LD_RUNPATH_SEARCH_PATHS = (
					"$(inherited)",
					"@executable_path/Frameworks",
				);
				PRODUCT_BUNDLE_IDENTIFIER = "comp90048.Instagram--Pro";
				PRODUCT_NAME = "$(TARGET_NAME)";
				SWIFT_VERSION = 4.0;
				TARGETED_DEVICE_FAMILY = "1,2";
			};
			name = Release;
		};
/* End XCBuildConfiguration section */

/* Begin XCConfigurationList section */
		ADFE51FF21746F8A0000D925 /* Build configuration list for PBXProject "Instagram_Pro" */ = {
			isa = XCConfigurationList;
			buildConfigurations = (
				ADFE521421746F8C0000D925 /* Debug */,
				ADFE521521746F8C0000D925 /* Release */,
			);
			defaultConfigurationIsVisible = 0;
			defaultConfigurationName = Release;
		};
		ADFE521621746F8C0000D925 /* Build configuration list for PBXNativeTarget "Instagram_Pro" */ = {
			isa = XCConfigurationList;
			buildConfigurations = (
				ADFE521721746F8C0000D925 /* Debug */,
				ADFE521821746F8C0000D925 /* Release */,
			);
			defaultConfigurationIsVisible = 0;
			defaultConfigurationName = Release;
		};
/* End XCConfigurationList section */
	};
	rootObject = ADFE51FC21746F8A0000D925 /* Project object */;
}
